
Microsoft Visual Studio Solution File, Format Version 12.00
# Visual Studio Version 17
VisualStudioVersion = 17.0.31903.59
MinimumVisualStudioVersion = 10.0.40219.1
Project("{FAE04EC0-301F-11D3-BF4B-00C04F79EFBC}") = "MyBlog.Core", "MyBlog.Core\MyBlog.Core.csproj", "{EBF97620-EF1E-4F6B-AEEB-27B5F6AE2BF8}"
EndProject
Project("{FAE04EC0-301F-11D3-BF4B-00C04F79EFBC}") = "MyBlog.Repositories", "MyBlog.Repositories\MyBlog.Repositories.csproj", "{37B88A93-35D5-4221-A0E9-0EECE7AF2B6E}"
EndProject
Project("{FAE04EC0-301F-11D3-BF4B-00C04F79EFBC}") = "MyBlog.Services", "MyBlog.Services\MyBlog.Services.csproj", "{D6FBA550-13F7-47D3-ABE1-FFEC4F71998C}"
EndProject
Project("{FAE04EC0-301F-11D3-BF4B-00C04F79EFBC}") = "MyBlog.UI", "MyBlog.UI\MyBlog.UI.csproj", "{9DA5D877-56C4-4681-9D2B-0F0327EFD83A}"
EndProject
Global
	GlobalSection(SolutionConfigurationPlatforms) = preSolution
		Debug|Any CPU = Debug|Any CPU
		Release|Any CPU = Release|Any CPU
	EndGlobalSection
	GlobalSection(SolutionProperties) = preSolution
		HideSolutionNode = FALSE
	EndGlobalSection
	GlobalSection(ProjectConfigurationPlatforms) = postSolution
		{EBF97620-EF1E-4F6B-AEEB-27B5F6AE2BF8}.Debug|Any CPU.ActiveCfg = Debug|Any CPU
		{EBF97620-EF1E-4F6B-AEEB-27B5F6AE2BF8}.Debug|Any CPU.Build.0 = Debug|Any CPU
		{EBF97620-EF1E-4F6B-AEEB-27B5F6AE2BF8}.Release|Any CPU.ActiveCfg = Release|Any CPU
		{EBF97620-EF1E-4F6B-AEEB-27B5F6AE2BF8}.Release|Any CPU.Build.0 = Release|Any CPU
		{37B88A93-35D5-4221-A0E9-0EECE7AF2B6E}.Debug|Any CPU.ActiveCfg = Debug|Any CPU
		{37B88A93-35D5-4221-A0E9-0EECE7AF2B6E}.Debug|Any CPU.Build.0 = Debug|Any CPU
		{37B88A93-35D5-4221-A0E9-0EECE7AF2B6E}.Release|Any CPU.ActiveCfg = Release|Any CPU
		{37B88A93-35D5-4221-A0E9-0EECE7AF2B6E}.Release|Any CPU.Build.0 = Release|Any CPU
		{D6FBA550-13F7-47D3-ABE1-FFEC4F71998C}.Debug|Any CPU.ActiveCfg = Debug|Any CPU
		{D6FBA550-13F7-47D3-ABE1-FFEC4F71998C}.Debug|Any CPU.Build.0 = Debug|Any CPU
		{D6FBA550-13F7-47D3-ABE1-FFEC4F71998C}.Release|Any CPU.ActiveCfg = Release|Any CPU
		{D6FBA550-13F7-47D3-ABE1-FFEC4F71998C}.Release|Any CPU.Build.0 = Release|Any CPU
		{9DA5D877-56C4-4681-9D2B-0F0327EFD83A}.Debug|Any CPU.ActiveCfg = Debug|Any CPU
		{9DA5D877-56C4-4681-9D2B-0F0327EFD83A}.Debug|Any CPU.Build.0 = Debug|Any CPU
		{9DA5D877-56C4-4681-9D2B-0F0327EFD83A}.Release|Any CPU.ActiveCfg = Release|Any CPU
		{9DA5D877-56C4-4681-9D2B-0F0327EFD83A}.Release|Any CPU.Build.0 = Release|Any CPU
	EndGlobalSection
EndGlobal
